// !$*UTF8*$!
{
	archiveVersion = 1;
	classes = {
	};
	objectVersion = 55;
	objects = {

/* Begin PBXBuildFile section */
		0B49859D27AE32090015868E /* AppDelegate.swift in Sources */ = {isa = PBXBuildFile; fileRef = 0B49859C27AE32090015868E /* AppDelegate.swift */; };
		0B49859F27AE32090015868E /* SceneDelegate.swift in Sources */ = {isa = PBXBuildFile; fileRef = 0B49859E27AE32090015868E /* SceneDelegate.swift */; };
		0B4985A127AE32090015868E /* ViewController.swift in Sources */ = {isa = PBXBuildFile; fileRef = 0B4985A027AE32090015868E /* ViewController.swift */; };
		0B4985A427AE32090015868E /* Main.storyboard in Resources */ = {isa = PBXBuildFile; fileRef = 0B4985A227AE32090015868E /* Main.storyboard */; };
		0B4985A627AE320B0015868E /* Assets.xcassets in Resources */ = {isa = PBXBuildFile; fileRef = 0B4985A527AE320B0015868E /* Assets.xcassets */; };
		0B4985A927AE320B0015868E /* LaunchScreen.storyboard in Resources */ = {isa = PBXBuildFile; fileRef = 0B4985A727AE320B0015868E /* LaunchScreen.storyboard */; };
		0B4985B427AE320C0015868E /* CodePath_iOS_Class_PreworkTests.swift in Sources */ = {isa = PBXBuildFile; fileRef = 0B4985B327AE320C0015868E /* CodePath_iOS_Class_PreworkTests.swift */; };
		0B4985BE27AE320C0015868E /* CodePath_iOS_Class_PreworkUITests.swift in Sources */ = {isa = PBXBuildFile; fileRef = 0B4985BD27AE320C0015868E /* CodePath_iOS_Class_PreworkUITests.swift */; };
		0B4985C027AE320C0015868E /* CodePath_iOS_Class_PreworkUITestsLaunchTests.swift in Sources */ = {isa = PBXBuildFile; fileRef = 0B4985BF27AE320C0015868E /* CodePath_iOS_Class_PreworkUITestsLaunchTests.swift */; };
/* End PBXBuildFile section */

/* Begin PBXContainerItemProxy section */
		0B4985B027AE320C0015868E /* PBXContainerItemProxy */ = {
			isa = PBXContainerItemProxy;
			containerPortal = 0B49859127AE32090015868E /* Project object */;
			proxyType = 1;
			remoteGlobalIDString = 0B49859827AE32090015868E;
			remoteInfo = "CodePath iOS Class Prework";
		};
		0B4985BA27AE320C0015868E /* PBXContainerItemProxy */ = {
			isa = PBXContainerItemProxy;
			containerPortal = 0B49859127AE32090015868E /* Project object */;
			proxyType = 1;
			remoteGlobalIDString = 0B49859827AE32090015868E;
			remoteInfo = "CodePath iOS Class Prework";
		};
/* End PBXContainerItemProxy section */

/* Begin PBXFileReference section */
		0B49859927AE32090015868E /* CodePath iOS Class Prework.app */ = {isa = PBXFileReference; explicitFileType = wrapper.application; includeInIndex = 0; path = "CodePath iOS Class Prework.app"; sourceTree = BUILT_PRODUCTS_DIR; };
		0B49859C27AE32090015868E /* AppDelegate.swift */ = {isa = PBXFileReference; lastKnownFileType = sourcecode.swift; path = AppDelegate.swift; sourceTree = "<group>"; };
		0B49859E27AE32090015868E /* SceneDelegate.swift */ = {isa = PBXFileReference; lastKnownFileType = sourcecode.swift; path = SceneDelegate.swift; sourceTree = "<group>"; };
		0B4985A027AE32090015868E /* ViewController.swift */ = {isa = PBXFileReference; lastKnownFileType = sourcecode.swift; path = ViewController.swift; sourceTree = "<group>"; };
		0B4985A327AE32090015868E /* Base */ = {isa = PBXFileReference; lastKnownFileType = file.storyboard; name = Base; path = Base.lproj/Main.storyboard; sourceTree = "<group>"; };
		0B4985A527AE320B0015868E /* Assets.xcassets */ = {isa = PBXFileReference; lastKnownFileType = folder.assetcatalog; path = Assets.xcassets; sourceTree = "<group>"; };
		0B4985A827AE320B0015868E /* Base */ = {isa = PBXFileReference; lastKnownFileType = file.storyboard; name = Base; path = Base.lproj/LaunchScreen.storyboard; sourceTree = "<group>"; };
		0B4985AA27AE320B0015868E /* Info.plist */ = {isa = PBXFileReference; lastKnownFileType = text.plist.xml; path = Info.plist; sourceTree = "<group>"; };
		0B4985AF27AE320C0015868E /* CodePath iOS Class PreworkTests.xctest */ = {isa = PBXFileReference; explicitFileType = wrapper.cfbundle; includeInIndex = 0; path = "CodePath iOS Class PreworkTests.xctest"; sourceTree = BUILT_PRODUCTS_DIR; };
		0B4985B327AE320C0015868E /* CodePath_iOS_Class_PreworkTests.swift */ = {isa = PBXFileReference; lastKnownFileType = sourcecode.swift; path = CodePath_iOS_Class_PreworkTests.swift; sourceTree = "<group>"; };
		0B4985B927AE320C0015868E /* CodePath iOS Class PreworkUITests.xctest */ = {isa = PBXFileReference; explicitFileType = wrapper.cfbundle; includeInIndex = 0; path = "CodePath iOS Class PreworkUITests.xctest"; sourceTree = BUILT_PRODUCTS_DIR; };
		0B4985BD27AE320C0015868E /* CodePath_iOS_Class_PreworkUITests.swift */ = {isa = PBXFileReference; lastKnownFileType = sourcecode.swift; path = CodePath_iOS_Class_PreworkUITests.swift; sourceTree = "<group>"; };
		0B4985BF27AE320C0015868E /* CodePath_iOS_Class_PreworkUITestsLaunchTests.swift */ = {isa = PBXFileReference; lastKnownFileType = sourcecode.swift; path = CodePath_iOS_Class_PreworkUITestsLaunchTests.swift; sourceTree = "<group>"; };
/* End PBXFileReference section */

/* Begin PBXFrameworksBuildPhase section */
		0B49859627AE32090015868E /* Frameworks */ = {
			isa = PBXFrameworksBuildPhase;
			buildActionMask = 2147483647;
			files = (
			);
			runOnlyForDeploymentPostprocessing = 0;
		};
		0B4985AC27AE320C0015868E /* Frameworks */ = {
			isa = PBXFrameworksBuildPhase;
			buildActionMask = 2147483647;
			files = (
			);
			runOnlyForDeploymentPostprocessing = 0;
		};
		0B4985B627AE320C0015868E /* Frameworks */ = {
			isa = PBXFrameworksBuildPhase;
			buildActionMask = 2147483647;
			files = (
			);
			runOnlyForDeploymentPostprocessing = 0;
		};
/* End PBXFrameworksBuildPhase section */

/* Begin PBXGroup section */
		0B49859027AE32090015868E = {
			isa = PBXGroup;
			children = (
				0B49859B27AE32090015868E /* CodePath iOS Class Prework */,
				0B4985B227AE320C0015868E /* CodePath iOS Class PreworkTests */,
				0B4985BC27AE320C0015868E /* CodePath iOS Class PreworkUITests */,
				0B49859A27AE32090015868E /* Products */,
			);
			sourceTree = "<group>";
		};
		0B49859A27AE32090015868E /* Products */ = {
			isa = PBXGroup;
			children = (
				0B49859927AE32090015868E /* CodePath iOS Class Prework.app */,
				0B4985AF27AE320C0015868E /* CodePath iOS Class PreworkTests.xctest */,
				0B4985B927AE320C0015868E /* CodePath iOS Class PreworkUITests.xctest */,
			);
			name = Products;
			sourceTree = "<group>";
		};
		0B49859B27AE32090015868E /* CodePath iOS Class Prework */ = {
			isa = PBXGroup;
			children = (
				0B49859C27AE32090015868E /* AppDelegate.swift */,
				0B49859E27AE32090015868E /* SceneDelegate.swift */,
				0B4985A027AE32090015868E /* ViewController.swift */,
				0B4985A227AE32090015868E /* Main.storyboard */,
				0B4985A527AE320B0015868E /* Assets.xcassets */,
				0B4985A727AE320B0015868E /* LaunchScreen.storyboard */,
				0B4985AA27AE320B0015868E /* Info.plist */,
			);
			path = "CodePath iOS Class Prework";
			sourceTree = "<group>";
		};
		0B4985B227AE320C0015868E /* CodePath iOS Class PreworkTests */ = {
			isa = PBXGroup;
			children = (
				0B4985B327AE320C0015868E /* CodePath_iOS_Class_PreworkTests.swift */,
			);
			path = "CodePath iOS Class PreworkTests";
			sourceTree = "<group>";
		};
		0B4985BC27AE320C0015868E /* CodePath iOS Class PreworkUITests */ = {
			isa = PBXGroup;
			children = (
				0B4985BD27AE320C0015868E /* CodePath_iOS_Class_PreworkUITests.swift */,
				0B4985BF27AE320C0015868E /* CodePath_iOS_Class_PreworkUITestsLaunchTests.swift */,
			);
			path = "CodePath iOS Class PreworkUITests";
			sourceTree = "<group>";
		};
/* End PBXGroup section */

/* Begin PBXNativeTarget section */
		0B49859827AE32090015868E /* CodePath iOS Class Prework */ = {
			isa = PBXNativeTarget;
			buildConfigurationList = 0B4985C327AE320C0015868E /* Build configuration list for PBXNativeTarget "CodePath iOS Class Prework" */;
			buildPhases = (
				0B49859527AE32090015868E /* Sources */,
				0B49859627AE32090015868E /* Frameworks */,
				0B49859727AE32090015868E /* Resources */,
			);
			buildRules = (
			);
			dependencies = (
			);
			name = "CodePath iOS Class Prework";
			productName = "CodePath iOS Class Prework";
			productReference = 0B49859927AE32090015868E /* CodePath iOS Class Prework.app */;
			productType = "com.apple.product-type.application";
		};
		0B4985AE27AE320C0015868E /* CodePath iOS Class PreworkTests */ = {
			isa = PBXNativeTarget;
			buildConfigurationList = 0B4985C627AE320C0015868E /* Build configuration list for PBXNativeTarget "CodePath iOS Class PreworkTests" */;
			buildPhases = (
				0B4985AB27AE320C0015868E /* Sources */,
				0B4985AC27AE320C0015868E /* Frameworks */,
				0B4985AD27AE320C0015868E /* Resources */,
			);
			buildRules = (
			);
			dependencies = (
				0B4985B127AE320C0015868E /* PBXTargetDependency */,
			);
			name = "CodePath iOS Class PreworkTests";
			productName = "CodePath iOS Class PreworkTests";
			productReference = 0B4985AF27AE320C0015868E /* CodePath iOS Class PreworkTests.xctest */;
			productType = "com.apple.product-type.bundle.unit-test";
		};
		0B4985B827AE320C0015868E /* CodePath iOS Class PreworkUITests */ = {
			isa = PBXNativeTarget;
			buildConfigurationList = 0B4985C927AE320C0015868E /* Build configuration list for PBXNativeTarget "CodePath iOS Class PreworkUITests" */;
			buildPhases = (
				0B4985B527AE320C0015868E /* Sources */,
				0B4985B627AE320C0015868E /* Frameworks */,
				0B4985B727AE320C0015868E /* Resources */,
			);
			buildRules = (
			);
			dependencies = (
				0B4985BB27AE320C0015868E /* PBXTargetDependency */,
			);
			name = "CodePath iOS Class PreworkUITests";
			productName = "CodePath iOS Class PreworkUITests";
			productReference = 0B4985B927AE320C0015868E /* CodePath iOS Class PreworkUITests.xctest */;
			productType = "com.apple.product-type.bundle.ui-testing";
		};
/* End PBXNativeTarget section */

/* Begin PBXProject section */
		0B49859127AE32090015868E /* Project object */ = {
			isa = PBXProject;
			attributes = {
				BuildIndependentTargetsInParallel = 1;
				LastSwiftUpdateCheck = 1320;
				LastUpgradeCheck = 1320;
				TargetAttributes = {
					0B49859827AE32090015868E = {
						CreatedOnToolsVersion = 13.2.1;
					};
					0B4985AE27AE320C0015868E = {
						CreatedOnToolsVersion = 13.2.1;
						TestTargetID = 0B49859827AE32090015868E;
					};
					0B4985B827AE320C0015868E = {
						CreatedOnToolsVersion = 13.2.1;
						TestTargetID = 0B49859827AE32090015868E;
					};
				};
			};
			buildConfigurationList = 0B49859427AE32090015868E /* Build configuration list for PBXProject "CodePath iOS Class Prework" */;
			compatibilityVersion = "Xcode 13.0";
			developmentRegion = en;
			hasScannedForEncodings = 0;
			knownRegions = (
				en,
				Base,
			);
			mainGroup = 0B49859027AE32090015868E;
			productRefGroup = 0B49859A27AE32090015868E /* Products */;
			projectDirPath = "";
			projectRoot = "";
			targets = (
				0B49859827AE32090015868E /* CodePath iOS Class Prework */,
				0B4985AE27AE320C0015868E /* CodePath iOS Class PreworkTests */,
				0B4985B827AE320C0015868E /* CodePath iOS Class PreworkUITests */,
			);
		};
/* End PBXProject section */

/* Begin PBXResourcesBuildPhase section */
		0B49859727AE32090015868E /* Resources */ = {
			isa = PBXResourcesBuildPhase;
			buildActionMask = 2147483647;
			files = (
				0B4985A927AE320B0015868E /* LaunchScreen.storyboard in Resources */,
				0B4985A627AE320B0015868E /* Assets.xcassets in Resources */,
				0B4985A427AE32090015868E /* Main.storyboard in Resources */,
			);
			runOnlyForDeploymentPostprocessing = 0;
		};
		0B4985AD27AE320C0015868E /* Resources */ = {
			isa = PBXResourcesBuildPhase;
			buildActionMask = 2147483647;
			files = (
			);
			runOnlyForDeploymentPostprocessing = 0;
		};
		0B4985B727AE320C0015868E /* Resources */ = {
			isa = PBXResourcesBuildPhase;
			buildActionMask = 2147483647;
			files = (
			);
			runOnlyForDeploymentPostprocessing = 0;
		};
/* End PBXResourcesBuildPhase section */

/* Begin PBXSourcesBuildPhase section */
		0B49859527AE32090015868E /* Sources */ = {
			isa = PBXSourcesBuildPhase;
			buildActionMask = 2147483647;
			files = (
				0B4985A127AE32090015868E /* ViewController.swift in Sources */,
				0B49859D27AE32090015868E /* AppDelegate.swift in Sources */,
				0B49859F27AE32090015868E /* SceneDelegate.swift in Sources */,
			);
			runOnlyForDeploymentPostprocessing = 0;
		};
		0B4985AB27AE320C0015868E /* Sources */ = {
			isa = PBXSourcesBuildPhase;
			buildActionMask = 2147483647;
			files = (
				0B4985B427AE320C0015868E /* CodePath_iOS_Class_PreworkTests.swift in Sources */,
			);
			runOnlyForDeploymentPostprocessing = 0;
		};
		0B4985B527AE320C0015868E /* Sources */ = {
			isa = PBXSourcesBuildPhase;
			buildActionMask = 2147483647;
			files = (
				0B4985C027AE320C0015868E /* CodePath_iOS_Class_PreworkUITestsLaunchTests.swift in Sources */,
				0B4985BE27AE320C0015868E /* CodePath_iOS_Class_PreworkUITests.swift in Sources */,
			);
			runOnlyForDeploymentPostprocessing = 0;
		};
/* End PBXSourcesBuildPhase section */

/* Begin PBXTargetDependency section */
		0B4985B127AE320C0015868E /* PBXTargetDependency */ = {
			isa = PBXTargetDependency;
			target = 0B49859827AE32090015868E /* CodePath iOS Class Prework */;
			targetProxy = 0B4985B027AE320C0015868E /* PBXContainerItemProxy */;
		};
		0B4985BB27AE320C0015868E /* PBXTargetDependency */ = {
			isa = PBXTargetDependency;
			target = 0B49859827AE32090015868E /* CodePath iOS Class Prework */;
			targetProxy = 0B4985BA27AE320C0015868E /* PBXContainerItemProxy */;
		};
/* End PBXTargetDependency section */

/* Begin PBXVariantGroup section */
		0B4985A227AE32090015868E /* Main.storyboard */ = {
			isa = PBXVariantGroup;
			children = (
				0B4985A327AE32090015868E /* Base */,
			);
			name = Main.storyboard;
			sourceTree = "<group>";
		};
		0B4985A727AE320B0015868E /* LaunchScreen.storyboard */ = {
			isa = PBXVariantGroup;
			children = (
				0B4985A827AE320B0015868E /* Base */,
			);
			name = LaunchScreen.storyboard;
			sourceTree = "<group>";
		};
/* End PBXVariantGroup section */

/* Begin XCBuildConfiguration section */
		0B4985C127AE320C0015868E /* Debug */ = {
			isa = XCBuildConfiguration;
			buildSettings = {
				ALWAYS_SEARCH_USER_PATHS = NO;
				CLANG_ANALYZER_NONNULL = YES;
				CLANG_ANALYZER_NUMBER_OBJECT_CONVERSION = YES_AGGRESSIVE;
				CLANG_CXX_LANGUAGE_STANDARD = "gnu++17";
				CLANG_CXX_LIBRARY = "libc++";
				CLANG_ENABLE_MODULES = YES;
				CLANG_ENABLE_OBJC_ARC = YES;
				CLANG_ENABLE_OBJC_WEAK = YES;
				CLANG_WARN_BLOCK_CAPTURE_AUTORELEASING = YES;
				CLANG_WARN_BOOL_CONVERSION = YES;
				CLANG_WARN_COMMA = YES;
				CLANG_WARN_CONSTANT_CONVERSION = YES;
				CLANG_WARN_DEPRECATED_OBJC_IMPLEMENTATIONS = YES;
				CLANG_WARN_DIRECT_OBJC_ISA_USAGE = YES_ERROR;
				CLANG_WARN_DOCUMENTATION_COMMENTS = YES;
				CLANG_WARN_EMPTY_BODY = YES;
				CLANG_WARN_ENUM_CONVERSION = YES;
				CLANG_WARN_INFINITE_RECURSION = YES;
				CLANG_WARN_INT_CONVERSION = YES;
				CLANG_WARN_NON_LITERAL_NULL_CONVERSION = YES;
				CLANG_WARN_OBJC_IMPLICIT_RETAIN_SELF = YES;
				CLANG_WARN_OBJC_LITERAL_CONVERSION = YES;
				CLANG_WARN_OBJC_ROOT_CLASS = YES_ERROR;
				CLANG_WARN_QUOTED_INCLUDE_IN_FRAMEWORK_HEADER = YES;
				CLANG_WARN_RANGE_LOOP_ANALYSIS = YES;
				CLANG_WARN_STRICT_PROTOTYPES = YES;
				CLANG_WARN_SUSPICIOUS_MOVE = YES;
				CLANG_WARN_UNGUARDED_AVAILABILITY = YES_AGGRESSIVE;
				CLANG_WARN_UNREACHABLE_CODE = YES;
				CLANG_WARN__DUPLICATE_METHOD_MATCH = YES;
				COPY_PHASE_STRIP = NO;
				DEBUG_INFORMATION_FORMAT = dwarf;
				ENABLE_STRICT_OBJC_MSGSEND = YES;
				ENABLE_TESTABILITY = YES;
				GCC_C_LANGUAGE_STANDARD = gnu11;
				GCC_DYNAMIC_NO_PIC = NO;
				GCC_NO_COMMON_BLOCKS = YES;
				GCC_OPTIMIZATION_LEVEL = 0;
				GCC_PREPROCESSOR_DEFINITIONS = (
					"DEBUG=1",
					"$(inherited)",
				);
				GCC_WARN_64_TO_32_BIT_CONVERSION = YES;
				GCC_WARN_ABOUT_RETURN_TYPE = YES_ERROR;
				GCC_WARN_UNDECLARED_SELECTOR = YES;
				GCC_WARN_UNINITIALIZED_AUTOS = YES_AGGRESSIVE;
				GCC_WARN_UNUSED_FUNCTION = YES;
				GCC_WARN_UNUSED_VARIABLE = YES;
				IPHONEOS_DEPLOYMENT_TARGET = 15.2;
				MTL_ENABLE_DEBUG_INFO = INCLUDE_SOURCE;
				MTL_FAST_MATH = YES;
				ONLY_ACTIVE_ARCH = YES;
				SDKROOT = iphoneos;
				SWIFT_ACTIVE_COMPILATION_CONDITIONS = DEBUG;
				SWIFT_OPTIMIZATION_LEVEL = "-Onone";
			};
			name = Debug;
		};
		0B4985C227AE320C0015868E /* Release */ = {
			isa = XCBuildConfiguration;
			buildSettings = {
				ALWAYS_SEARCH_USER_PATHS = NO;
				CLANG_ANALYZER_NONNULL = YES;
				CLANG_ANALYZER_NUMBER_OBJECT_CONVERSION = YES_AGGRESSIVE;
				CLANG_CXX_LANGUAGE_STANDARD = "gnu++17";
				CLANG_CXX_LIBRARY = "libc++";
				CLANG_ENABLE_MODULES = YES;
				CLANG_ENABLE_OBJC_ARC = YES;
				CLANG_ENABLE_OBJC_WEAK = YES;
				CLANG_WARN_BLOCK_CAPTURE_AUTORELEASING = YES;
				CLANG_WARN_BOOL_CONVERSION = YES;
				CLANG_WARN_COMMA = YES;
				CLANG_WARN_CONSTANT_CONVERSION = YES;
				CLANG_WARN_DEPRECATED_OBJC_IMPLEMENTATIONS = YES;
				CLANG_WARN_DIRECT_OBJC_ISA_USAGE = YES_ERROR;
				CLANG_WARN_DOCUMENTATION_COMMENTS = YES;
				CLANG_WARN_EMPTY_BODY = YES;
				CLANG_WARN_ENUM_CONVERSION = YES;
				CLANG_WARN_INFINITE_RECURSION = YES;
				CLANG_WARN_INT_CONVERSION = YES;
				CLANG_WARN_NON_LITERAL_NULL_CONVERSION = YES;
				CLANG_WARN_OBJC_IMPLICIT_RETAIN_SELF = YES;
				CLANG_WARN_OBJC_LITERAL_CONVERSION = YES;
				CLANG_WARN_OBJC_ROOT_CLASS = YES_ERROR;
				CLANG_WARN_QUOTED_INCLUDE_IN_FRAMEWORK_HEADER = YES;
				CLANG_WARN_RANGE_LOOP_ANALYSIS = YES;
				CLANG_WARN_STRICT_PROTOTYPES = YES;
				CLANG_WARN_SUSPICIOUS_MOVE = YES;
				CLANG_WARN_UNGUARDED_AVAILABILITY = YES_AGGRESSIVE;
				CLANG_WARN_UNREACHABLE_CODE = YES;
				CLANG_WARN__DUPLICATE_METHOD_MATCH = YES;
				COPY_PHASE_STRIP = NO;
				DEBUG_INFORMATION_FORMAT = "dwarf-with-dsym";
				ENABLE_NS_ASSERTIONS = NO;
				ENABLE_STRICT_OBJC_MSGSEND = YES;
				GCC_C_LANGUAGE_STANDARD = gnu11;
				GCC_NO_COMMON_BLOCKS = YES;
				GCC_WARN_64_TO_32_BIT_CONVERSION = YES;
				GCC_WARN_ABOUT_RETURN_TYPE = YES_ERROR;
				GCC_WARN_UNDECLARED_SELECTOR = YES;
				GCC_WARN_UNINITIALIZED_AUTOS = YES_AGGRESSIVE;
				GCC_WARN_UNUSED_FUNCTION = YES;
				GCC_WARN_UNUSED_VARIABLE = YES;
				IPHONEOS_DEPLOYMENT_TARGET = 15.2;
				MTL_ENABLE_DEBUG_INFO = NO;
				MTL_FAST_MATH = YES;
				SDKROOT = iphoneos;
				SWIFT_COMPILATION_MODE = wholemodule;
				SWIFT_OPTIMIZATION_LEVEL = "-O";
				VALIDATE_PRODUCT = YES;
			};
			name = Release;
		};
		0B4985C427AE320C0015868E /* Debug */ = {
			isa = XCBuildConfiguration;
			buildSettings = {
				ASSETCATALOG_COMPILER_APPICON_NAME = AppIcon;
				ASSETCATALOG_COMPILER_GLOBAL_ACCENT_COLOR_NAME = AccentColor;
				CODE_SIGN_STYLE = Automatic;
				CURRENT_PROJECT_VERSION = 1;
				GENERATE_INFOPLIST_FILE = YES;
				INFOPLIST_FILE = "CodePath iOS Class Prework/Info.plist";
				INFOPLIST_KEY_UIApplicationSupportsIndirectInputEvents = YES;
				INFOPLIST_KEY_UILaunchStoryboardName = LaunchScreen;
				INFOPLIST_KEY_UIMainStoryboardFile = Main;
				INFOPLIST_KEY_UISupportedInterfaceOrientations_iPad = "UIInterfaceOrientationPortrait UIInterfaceOrientationPortraitUpsideDown UIInterfaceOrientationLandscapeLeft UIInterfaceOrientationLandscapeRight";
				INFOPLIST_KEY_UISupportedInterfaceOrientations_iPhone = "UIInterfaceOrientationPortrait UIInterfaceOrientationLandscapeLeft UIInterfaceOrientationLandscapeRight";
				LD_RUNPATH_SEARCH_PATHS = (
					"$(inherited)",
					"@executable_path/Frameworks",
				);
				MARKETING_VERSION = 1.0;
				PRODUCT_BUNDLE_IDENTIFIER = "memo.com.CodePath-iOS-Class-Prework";
				PRODUCT_NAME = "$(TARGET_NAME)";
				SWIFT_EMIT_LOC_STRINGS = YES;
				SWIFT_VERSION = 5.0;
				TARGETED_DEVICE_FAMILY = "1,2";
			};
			name = Debug;
		};
		0B4985C527AE320C0015868E /* Release */ = {
			isa = XCBuildConfiguration;
			buildSettings = {
				ASSETCATALOG_COMPILER_APPICON_NAME = AppIcon;
				ASSETCATALOG_COMPILER_GLOBAL_ACCENT_COLOR_NAME = AccentColor;
				CODE_SIGN_STYLE = Automatic;
				CURRENT_PROJECT_VERSION = 1;
				GENERATE_INFOPLIST_FILE = YES;
				INFOPLIST_FILE = "CodePath iOS Class Prework/Info.plist";
				INFOPLIST_KEY_UIApplicationSupportsIndirectInputEvents = YES;
				INFOPLIST_KEY_UILaunchStoryboardName = LaunchScreen;
				INFOPLIST_KEY_UIMainStoryboardFile = Main;
				INFOPLIST_KEY_UISupportedInterfaceOrientations_iPad = "UIInterfaceOrientationPortrait UIInterfaceOrientationPortraitUpsideDown UIInterfaceOrientationLandscapeLeft UIInterfaceOrientationLandscapeRight";
				INFOPLIST_KEY_UISupportedInterfaceOrientations_iPhone = "UIInterfaceOrientationPortrait UIInterfaceOrientationLandscapeLeft UIInterfaceOrientationLandscapeRight";
				LD_RUNPATH_SEARCH_PATHS = (
					"$(inherited)",
					"@executable_path/Frameworks",
				);
				MARKETING_VERSION = 1.0;
				PRODUCT_BUNDLE_IDENTIFIER = "memo.com.CodePath-iOS-Class-Prework";
				PRODUCT_NAME = "$(TARGET_NAME)";
				SWIFT_EMIT_LOC_STRINGS = YES;
				SWIFT_VERSION = 5.0;
				TARGETED_DEVICE_FAMILY = "1,2";
			};
			name = Release;
		};
		0B4985C727AE320C0015868E /* Debug */ = {
			isa = XCBuildConfiguration;
			buildSettings = {
				ALWAYS_EMBED_SWIFT_STANDARD_LIBRARIES = YES;
				BUNDLE_LOADER = "$(TEST_HOST)";
				CODE_SIGN_STYLE = Automatic;
				CURRENT_PROJECT_VERSION = 1;
				GENERATE_INFOPLIST_FILE = YES;
				IPHONEOS_DEPLOYMENT_TARGET = 15.2;
				MARKETING_VERSION = 1.0;
				PRODUCT_BUNDLE_IDENTIFIER = "memo.com.CodePath-iOS-Class-PreworkTests";
				PRODUCT_NAME = "$(TARGET_NAME)";
				SWIFT_EMIT_LOC_STRINGS = NO;
				SWIFT_VERSION = 5.0;
				TARGETED_DEVICE_FAMILY = "1,2";
				TEST_HOST = "$(BUILT_PRODUCTS_DIR)/CodePath iOS Class Prework.app/CodePath iOS Class Prework";
			};
			name = Debug;
		};
		0B4985C827AE320C0015868E /* Release */ = {
			isa = XCBuildConfiguration;
			buildSettings = {
				ALWAYS_EMBED_SWIFT_STANDARD_LIBRARIES = YES;
				BUNDLE_LOADER = "$(TEST_HOST)";
				CODE_SIGN_STYLE = Automatic;
				CURRENT_PROJECT_VERSION = 1;
				GENERATE_INFOPLIST_FILE = YES;
				IPHONEOS_DEPLOYMENT_TARGET = 15.2;
				MARKETING_VERSION = 1.0;
				PRODUCT_BUNDLE_IDENTIFIER = "memo.com.CodePath-iOS-Class-PreworkTests";
				PRODUCT_NAME = "$(TARGET_NAME)";
				SWIFT_EMIT_LOC_STRINGS = NO;
				SWIFT_VERSION = 5.0;
				TARGETED_DEVICE_FAMILY = "1,2";
				TEST_HOST = "$(BUILT_PRODUCTS_DIR)/CodePath iOS Class Prework.app/CodePath iOS Class Prework";
			};
			name = Release;
		};
		0B4985CA27AE320C0015868E /* Debug */ = {
			isa = XCBuildConfiguration;
			buildSettings = {
				ALWAYS_EMBED_SWIFT_STANDARD_LIBRARIES = YES;
				CODE_SIGN_STYLE = Automatic;
				CURRENT_PROJECT_VERSION = 1;
				GENERATE_INFOPLIST_FILE = YES;
				MARKETING_VERSION = 1.0;
				PRODUCT_BUNDLE_IDENTIFIER = "memo.com.CodePath-iOS-Class-PreworkUITests";
				PRODUCT_NAME = "$(TARGET_NAME)";
				SWIFT_EMIT_LOC_STRINGS = NO;
				SWIFT_VERSION = 5.0;
				TARGETED_DEVICE_FAMILY = "1,2";
				TEST_TARGET_NAME = "CodePath iOS Class Prework";
			};
			name = Debug;
		};
		0B4985CB27AE320C0015868E /* Release */ = {
			isa = XCBuildConfiguration;
			buildSettings = {
				ALWAYS_EMBED_SWIFT_STANDARD_LIBRARIES = YES;
				CODE_SIGN_STYLE = Automatic;
				CURRENT_PROJECT_VERSION = 1;
				GENERATE_INFOPLIST_FILE = YES;
				MARKETING_VERSION = 1.0;
				PRODUCT_BUNDLE_IDENTIFIER = "memo.com.CodePath-iOS-Class-PreworkUITests";
				PRODUCT_NAME = "$(TARGET_NAME)";
				SWIFT_EMIT_LOC_STRINGS = NO;
				SWIFT_VERSION = 5.0;
				TARGETED_DEVICE_FAMILY = "1,2";
				TEST_TARGET_NAME = "CodePath iOS Class Prework";
			};
			name = Release;
		};
/* End XCBuildConfiguration section */

/* Begin XCConfigurationList section */
		0B49859427AE32090015868E /* Build configuration list for PBXProject "CodePath iOS Class Prework" */ = {
			isa = XCConfigurationList;
			buildConfigurations = (
				0B4985C127AE320C0015868E /* Debug */,
				0B4985C227AE320C0015868E /* Release */,
			);
			defaultConfigurationIsVisible = 0;
			defaultConfigurationName = Release;
		};
		0B4985C327AE320C0015868E /* Build configuration list for PBXNativeTarget "CodePath iOS Class Prework" */ = {
			isa = XCConfigurationList;
			buildConfigurations = (
				0B4985C427AE320C0015868E /* Debug */,
				0B4985C527AE320C0015868E /* Release */,
			);
			defaultConfigurationIsVisible = 0;
			defaultConfigurationName = Release;
		};
		0B4985C627AE320C0015868E /* Build configuration list for PBXNativeTarget "CodePath iOS Class PreworkTests" */ = {
			isa = XCConfigurationList;
			buildConfigurations = (
				0B4985C727AE320C0015868E /* Debug */,
				0B4985C827AE320C0015868E /* Release */,
			);
			defaultConfigurationIsVisible = 0;
			defaultConfigurationName = Release;
		};
		0B4985C927AE320C0015868E /* Build configuration list for PBXNativeTarget "CodePath iOS Class PreworkUITests" */ = {
			isa = XCConfigurationList;
			buildConfigurations = (
				0B4985CA27AE320C0015868E /* Debug */,
				0B4985CB27AE320C0015868E /* Release */,
			);
			defaultConfigurationIsVisible = 0;
			defaultConfigurationName = Release;
		};
/* End XCConfigurationList section */
	};
	rootObject = 0B49859127AE32090015868E /* Project object */;
}
